
Microsoft Visual Studio Solution File, Format Version 12.00
# Visual Studio 2013
VisualStudioVersion = 12.0.21005.1
MinimumVisualStudioVersion = 10.0.40219.1
Project("{FAE04EC0-301F-11D3-BF4B-00C04F79EFBC}") = "Event", "MyPractice\Event.csproj", "{1E9B0A07-1FFE-4385-A429-B7D44CA31A06}"
EndProject
Project("{FAE04EC0-301F-11D3-BF4B-00C04F79EFBC}") = "Delegate", "Delegate\Delegate.csproj", "{FF8E9D0F-ACA4-482D-AD3F-D0FE01905883}"
EndProject
Global
	GlobalSection(SolutionConfigurationPlatforms) = preSolution
		Debug|Any CPU = Debug|Any CPU
		Release|Any CPU = Release|Any CPU
	EndGlobalSection
	GlobalSection(ProjectConfigurationPlatforms) = postSolution
		{1E9B0A07-1FFE-4385-A429-B7D44CA31A06}.Debug|Any CPU.ActiveCfg = Debug|Any CPU
		{1E9B0A07-1FFE-4385-A429-B7D44CA31A06}.Debug|Any CPU.Build.0 = Debug|Any CPU
		{1E9B0A07-1FFE-4385-A429-B7D44CA31A06}.Release|Any CPU.ActiveCfg = Release|Any CPU
		{1E9B0A07-1FFE-4385-A429-B7D44CA31A06}.Release|Any CPU.Build.0 = Release|Any CPU
		{FF8E9D0F-ACA4-482D-AD3F-D0FE01905883}.Debug|Any CPU.ActiveCfg = Debug|Any CPU
		{FF8E9D0F-ACA4-482D-AD3F-D0FE01905883}.Debug|Any CPU.Build.0 = Debug|Any CPU
		{FF8E9D0F-ACA4-482D-AD3F-D0FE01905883}.Release|Any CPU.ActiveCfg = Release|Any CPU
		{FF8E9D0F-ACA4-482D-AD3F-D0FE01905883}.Release|Any CPU.Build.0 = Release|Any CPU
	EndGlobalSection
	GlobalSection(SolutionProperties) = preSolution
		HideSolutionNode = FALSE
	EndGlobalSection
EndGlobal
